// !$*UTF8*$!
{
	archiveVersion = 1;
	classes = {
	};
	objectVersion = 77;
	objects = {

/* Begin PBXBuildFile section */
		364ADEB92CA4FF1500816DD6 /* SDSCustomView in Frameworks */ = {isa = PBXBuildFile; productRef = 364ADEB82CA4FF1500816DD6 /* SDSCustomView */; };
/* End PBXBuildFile section */

/* Begin PBXContainerItemProxy section */
		364ADE9B2CA4FEF900816DD6 /* PBXContainerItemProxy */ = {
			isa = PBXContainerItemProxy;
			containerPortal = 364ADE812CA4FEF600816DD6 /* Project object */;
			proxyType = 1;
			remoteGlobalIDString = 364ADE882CA4FEF600816DD6;
			remoteInfo = HierPickerExample;
		};
		364ADEA52CA4FEF900816DD6 /* PBXContainerItemProxy */ = {
			isa = PBXContainerItemProxy;
			containerPortal = 364ADE812CA4FEF600816DD6 /* Project object */;
			proxyType = 1;
			remoteGlobalIDString = 364ADE882CA4FEF600816DD6;
			remoteInfo = HierPickerExample;
		};
/* End PBXContainerItemProxy section */

/* Begin PBXFileReference section */
		364ADE892CA4FEF600816DD6 /* HierPickerExample.app */ = {isa = PBXFileReference; explicitFileType = wrapper.application; includeInIndex = 0; path = HierPickerExample.app; sourceTree = BUILT_PRODUCTS_DIR; };
		364ADE9A2CA4FEF900816DD6 /* HierPickerExampleTests.xctest */ = {isa = PBXFileReference; explicitFileType = wrapper.cfbundle; includeInIndex = 0; path = HierPickerExampleTests.xctest; sourceTree = BUILT_PRODUCTS_DIR; };
		364ADEA42CA4FEF900816DD6 /* HierPickerExampleUITests.xctest */ = {isa = PBXFileReference; explicitFileType = wrapper.cfbundle; includeInIndex = 0; path = HierPickerExampleUITests.xctest; sourceTree = BUILT_PRODUCTS_DIR; };
		36FF125F2CA4FFA900AAEE82 /* HierPickerExample.xctestplan */ = {isa = PBXFileReference; lastKnownFileType = text; path = HierPickerExample.xctestplan; sourceTree = "<group>"; };
/* End PBXFileReference section */

/* Begin PBXFileSystemSynchronizedRootGroup section */
		364ADE8B2CA4FEF600816DD6 /* HierPickerExample */ = {
			isa = PBXFileSystemSynchronizedRootGroup;
			path = HierPickerExample;
			sourceTree = "<group>";
		};
		364ADE9D2CA4FEF900816DD6 /* HierPickerExampleTests */ = {
			isa = PBXFileSystemSynchronizedRootGroup;
			path = HierPickerExampleTests;
			sourceTree = "<group>";
		};
		364ADEA72CA4FEF900816DD6 /* HierPickerExampleUITests */ = {
			isa = PBXFileSystemSynchronizedRootGroup;
			path = HierPickerExampleUITests;
			sourceTree = "<group>";
		};
/* End PBXFileSystemSynchronizedRootGroup section */

/* Begin PBXFrameworksBuildPhase section */
		364ADE862CA4FEF600816DD6 /* Frameworks */ = {
			isa = PBXFrameworksBuildPhase;
			buildActionMask = 2147483647;
			files = (
				364ADEB92CA4FF1500816DD6 /* SDSCustomView in Frameworks */,
			);
			runOnlyForDeploymentPostprocessing = 0;
		};
		364ADE972CA4FEF900816DD6 /* Frameworks */ = {
			isa = PBXFrameworksBuildPhase;
			buildActionMask = 2147483647;
			files = (
			);
			runOnlyForDeploymentPostprocessing = 0;
		};
		364ADEA12CA4FEF900816DD6 /* Frameworks */ = {
			isa = PBXFrameworksBuildPhase;
			buildActionMask = 2147483647;
			files = (
			);
			runOnlyForDeploymentPostprocessing = 0;
		};
/* End PBXFrameworksBuildPhase section */

/* Begin PBXGroup section */
		364ADE802CA4FEF600816DD6 = {
			isa = PBXGroup;
			children = (
				36FF125F2CA4FFA900AAEE82 /* HierPickerExample.xctestplan */,
				364ADE8B2CA4FEF600816DD6 /* HierPickerExample */,
				364ADE9D2CA4FEF900816DD6 /* HierPickerExampleTests */,
				364ADEA72CA4FEF900816DD6 /* HierPickerExampleUITests */,
				364ADE8A2CA4FEF600816DD6 /* Products */,
			);
			sourceTree = "<group>";
		};
		364ADE8A2CA4FEF600816DD6 /* Products */ = {
			isa = PBXGroup;
			children = (
				364ADE892CA4FEF600816DD6 /* HierPickerExample.app */,
				364ADE9A2CA4FEF900816DD6 /* HierPickerExampleTests.xctest */,
				364ADEA42CA4FEF900816DD6 /* HierPickerExampleUITests.xctest */,
			);
			name = Products;
			sourceTree = "<group>";
		};
/* End PBXGroup section */

/* Begin PBXNativeTarget section */
		364ADE882CA4FEF600816DD6 /* HierPickerExample */ = {
			isa = PBXNativeTarget;
			buildConfigurationList = 364ADEAE2CA4FEF900816DD6 /* Build configuration list for PBXNativeTarget "HierPickerExample" */;
			buildPhases = (
				364ADE852CA4FEF600816DD6 /* Sources */,
				364ADE862CA4FEF600816DD6 /* Frameworks */,
				364ADE872CA4FEF600816DD6 /* Resources */,
			);
			buildRules = (
			);
			dependencies = (
			);
			fileSystemSynchronizedGroups = (
				364ADE8B2CA4FEF600816DD6 /* HierPickerExample */,
			);
			name = HierPickerExample;
			packageProductDependencies = (
				364ADEB82CA4FF1500816DD6 /* SDSCustomView */,
			);
			productName = HierPickerExample;
			productReference = 364ADE892CA4FEF600816DD6 /* HierPickerExample.app */;
			productType = "com.apple.product-type.application";
		};
		364ADE992CA4FEF900816DD6 /* HierPickerExampleTests */ = {
			isa = PBXNativeTarget;
			buildConfigurationList = 364ADEB12CA4FEF900816DD6 /* Build configuration list for PBXNativeTarget "HierPickerExampleTests" */;
			buildPhases = (
				364ADE962CA4FEF900816DD6 /* Sources */,
				364ADE972CA4FEF900816DD6 /* Frameworks */,
				364ADE982CA4FEF900816DD6 /* Resources */,
			);
			buildRules = (
			);
			dependencies = (
				364ADE9C2CA4FEF900816DD6 /* PBXTargetDependency */,
			);
			fileSystemSynchronizedGroups = (
				364ADE9D2CA4FEF900816DD6 /* HierPickerExampleTests */,
			);
			name = HierPickerExampleTests;
			packageProductDependencies = (
			);
			productName = HierPickerExampleTests;
			productReference = 364ADE9A2CA4FEF900816DD6 /* HierPickerExampleTests.xctest */;
			productType = "com.apple.product-type.bundle.unit-test";
		};
		364ADEA32CA4FEF900816DD6 /* HierPickerExampleUITests */ = {
			isa = PBXNativeTarget;
			buildConfigurationList = 364ADEB42CA4FEF900816DD6 /* Build configuration list for PBXNativeTarget "HierPickerExampleUITests" */;
			buildPhases = (
				364ADEA02CA4FEF900816DD6 /* Sources */,
				364ADEA12CA4FEF900816DD6 /* Frameworks */,
				364ADEA22CA4FEF900816DD6 /* Resources */,
			);
			buildRules = (
			);
			dependencies = (
				364ADEA62CA4FEF900816DD6 /* PBXTargetDependency */,
			);
			fileSystemSynchronizedGroups = (
				364ADEA72CA4FEF900816DD6 /* HierPickerExampleUITests */,
			);
			name = HierPickerExampleUITests;
			packageProductDependencies = (
			);
			productName = HierPickerExampleUITests;
			productReference = 364ADEA42CA4FEF900816DD6 /* HierPickerExampleUITests.xctest */;
			productType = "com.apple.product-type.bundle.ui-testing";
		};
/* End PBXNativeTarget section */

/* Begin PBXProject section */
		364ADE812CA4FEF600816DD6 /* Project object */ = {
			isa = PBXProject;
			attributes = {
				BuildIndependentTargetsInParallel = 1;
				LastSwiftUpdateCheck = 1610;
				LastUpgradeCheck = 1610;
				TargetAttributes = {
					364ADE882CA4FEF600816DD6 = {
						CreatedOnToolsVersion = 16.1;
					};
					364ADE992CA4FEF900816DD6 = {
						CreatedOnToolsVersion = 16.1;
						TestTargetID = 364ADE882CA4FEF600816DD6;
					};
					364ADEA32CA4FEF900816DD6 = {
						CreatedOnToolsVersion = 16.1;
						TestTargetID = 364ADE882CA4FEF600816DD6;
					};
				};
			};
			buildConfigurationList = 364ADE842CA4FEF600816DD6 /* Build configuration list for PBXProject "HierPickerExample" */;
			developmentRegion = en;
			hasScannedForEncodings = 0;
			knownRegions = (
				en,
				Base,
			);
			mainGroup = 364ADE802CA4FEF600816DD6;
			minimizedProjectReferenceProxies = 1;
			packageReferences = (
				364ADEB72CA4FF1500816DD6 /* XCLocalSwiftPackageReference "../../SDSCustomView" */,
			);
			preferredProjectObjectVersion = 77;
			productRefGroup = 364ADE8A2CA4FEF600816DD6 /* Products */;
			projectDirPath = "";
			projectRoot = "";
			targets = (
				364ADE882CA4FEF600816DD6 /* HierPickerExample */,
				364ADE992CA4FEF900816DD6 /* HierPickerExampleTests */,
				364ADEA32CA4FEF900816DD6 /* HierPickerExampleUITests */,
			);
		};
/* End PBXProject section */

/* Begin PBXResourcesBuildPhase section */
		364ADE872CA4FEF600816DD6 /* Resources */ = {
			isa = PBXResourcesBuildPhase;
			buildActionMask = 2147483647;
			files = (
			);
			runOnlyForDeploymentPostprocessing = 0;
		};
		364ADE982CA4FEF900816DD6 /* Resources */ = {
			isa = PBXResourcesBuildPhase;
			buildActionMask = 2147483647;
			files = (
			);
			runOnlyForDeploymentPostprocessing = 0;
		};
		364ADEA22CA4FEF900816DD6 /* Resources */ = {
			isa = PBXResourcesBuildPhase;
			buildActionMask = 2147483647;
			files = (
			);
			runOnlyForDeploymentPostprocessing = 0;
		};
/* End PBXResourcesBuildPhase section */

/* Begin PBXSourcesBuildPhase section */
		364ADE852CA4FEF600816DD6 /* Sources */ = {
			isa = PBXSourcesBuildPhase;
			buildActionMask = 2147483647;
			files = (
			);
			runOnlyForDeploymentPostprocessing = 0;
		};
		364ADE962CA4FEF900816DD6 /* Sources */ = {
			isa = PBXSourcesBuildPhase;
			buildActionMask = 2147483647;
			files = (
			);
			runOnlyForDeploymentPostprocessing = 0;
		};
		364ADEA02CA4FEF900816DD6 /* Sources */ = {
			isa = PBXSourcesBuildPhase;
			buildActionMask = 2147483647;
			files = (
			);
			runOnlyForDeploymentPostprocessing = 0;
		};
/* End PBXSourcesBuildPhase section */

/* Begin PBXTargetDependency section */
		364ADE9C2CA4FEF900816DD6 /* PBXTargetDependency */ = {
			isa = PBXTargetDependency;
			target = 364ADE882CA4FEF600816DD6 /* HierPickerExample */;
			targetProxy = 364ADE9B2CA4FEF900816DD6 /* PBXContainerItemProxy */;
		};
		364ADEA62CA4FEF900816DD6 /* PBXTargetDependency */ = {
			isa = PBXTargetDependency;
			target = 364ADE882CA4FEF600816DD6 /* HierPickerExample */;
			targetProxy = 364ADEA52CA4FEF900816DD6 /* PBXContainerItemProxy */;
		};
/* End PBXTargetDependency section */

/* Begin XCBuildConfiguration section */
		364ADEAC2CA4FEF900816DD6 /* Debug */ = {
			isa = XCBuildConfiguration;
			buildSettings = {
				ALWAYS_SEARCH_USER_PATHS = NO;
				ASSETCATALOG_COMPILER_GENERATE_SWIFT_ASSET_SYMBOL_EXTENSIONS = YES;
				CLANG_ANALYZER_NONNULL = YES;
				CLANG_ANALYZER_NUMBER_OBJECT_CONVERSION = YES_AGGRESSIVE;
				CLANG_CXX_LANGUAGE_STANDARD = "gnu++20";
				CLANG_ENABLE_MODULES = YES;
				CLANG_ENABLE_OBJC_ARC = YES;
				CLANG_ENABLE_OBJC_WEAK = YES;
				CLANG_WARN_BLOCK_CAPTURE_AUTORELEASING = YES;
				CLANG_WARN_BOOL_CONVERSION = YES;
				CLANG_WARN_COMMA = YES;
				CLANG_WARN_CONSTANT_CONVERSION = YES;
				CLANG_WARN_DEPRECATED_OBJC_IMPLEMENTATIONS = YES;
				CLANG_WARN_DIRECT_OBJC_ISA_USAGE = YES_ERROR;
				CLANG_WARN_DOCUMENTATION_COMMENTS = YES;
				CLANG_WARN_EMPTY_BODY = YES;
				CLANG_WARN_ENUM_CONVERSION = YES;
				CLANG_WARN_INFINITE_RECURSION = YES;
				CLANG_WARN_INT_CONVERSION = YES;
				CLANG_WARN_NON_LITERAL_NULL_CONVERSION = YES;
				CLANG_WARN_OBJC_IMPLICIT_RETAIN_SELF = YES;
				CLANG_WARN_OBJC_LITERAL_CONVERSION = YES;
				CLANG_WARN_OBJC_ROOT_CLASS = YES_ERROR;
				CLANG_WARN_QUOTED_INCLUDE_IN_FRAMEWORK_HEADER = YES;
				CLANG_WARN_RANGE_LOOP_ANALYSIS = YES;
				CLANG_WARN_STRICT_PROTOTYPES = YES;
				CLANG_WARN_SUSPICIOUS_MOVE = YES;
				CLANG_WARN_UNGUARDED_AVAILABILITY = YES_AGGRESSIVE;
				CLANG_WARN_UNREACHABLE_CODE = YES;
				CLANG_WARN__DUPLICATE_METHOD_MATCH = YES;
				COPY_PHASE_STRIP = NO;
				DEBUG_INFORMATION_FORMAT = dwarf;
				ENABLE_STRICT_OBJC_MSGSEND = YES;
				ENABLE_TESTABILITY = YES;
				ENABLE_USER_SCRIPT_SANDBOXING = YES;
				GCC_C_LANGUAGE_STANDARD = gnu17;
				GCC_DYNAMIC_NO_PIC = NO;
				GCC_NO_COMMON_BLOCKS = YES;
				GCC_OPTIMIZATION_LEVEL = 0;
				GCC_PREPROCESSOR_DEFINITIONS = (
					"DEBUG=1",
					"$(inherited)",
				);
				GCC_WARN_64_TO_32_BIT_CONVERSION = YES;
				GCC_WARN_ABOUT_RETURN_TYPE = YES_ERROR;
				GCC_WARN_UNDECLARED_SELECTOR = YES;
				GCC_WARN_UNINITIALIZED_AUTOS = YES_AGGRESSIVE;
				GCC_WARN_UNUSED_FUNCTION = YES;
				GCC_WARN_UNUSED_VARIABLE = YES;
				LOCALIZATION_PREFERS_STRING_CATALOGS = YES;
				MTL_ENABLE_DEBUG_INFO = INCLUDE_SOURCE;
				MTL_FAST_MATH = YES;
				ONLY_ACTIVE_ARCH = YES;
				SWIFT_ACTIVE_COMPILATION_CONDITIONS = "DEBUG $(inherited)";
				SWIFT_OPTIMIZATION_LEVEL = "-Onone";
			};
			name = Debug;
		};
		364ADEAD2CA4FEF900816DD6 /* Release */ = {
			isa = XCBuildConfiguration;
			buildSettings = {
				ALWAYS_SEARCH_USER_PATHS = NO;
				ASSETCATALOG_COMPILER_GENERATE_SWIFT_ASSET_SYMBOL_EXTENSIONS = YES;
				CLANG_ANALYZER_NONNULL = YES;
				CLANG_ANALYZER_NUMBER_OBJECT_CONVERSION = YES_AGGRESSIVE;
				CLANG_CXX_LANGUAGE_STANDARD = "gnu++20";
				CLANG_ENABLE_MODULES = YES;
				CLANG_ENABLE_OBJC_ARC = YES;
				CLANG_ENABLE_OBJC_WEAK = YES;
				CLANG_WARN_BLOCK_CAPTURE_AUTORELEASING = YES;
				CLANG_WARN_BOOL_CONVERSION = YES;
				CLANG_WARN_COMMA = YES;
				CLANG_WARN_CONSTANT_CONVERSION = YES;
				CLANG_WARN_DEPRECATED_OBJC_IMPLEMENTATIONS = YES;
				CLANG_WARN_DIRECT_OBJC_ISA_USAGE = YES_ERROR;
				CLANG_WARN_DOCUMENTATION_COMMENTS = YES;
				CLANG_WARN_EMPTY_BODY = YES;
				CLANG_WARN_ENUM_CONVERSION = YES;
				CLANG_WARN_INFINITE_RECURSION = YES;
				CLANG_WARN_INT_CONVERSION = YES;
				CLANG_WARN_NON_LITERAL_NULL_CONVERSION = YES;
				CLANG_WARN_OBJC_IMPLICIT_RETAIN_SELF = YES;
				CLANG_WARN_OBJC_LITERAL_CONVERSION = YES;
				CLANG_WARN_OBJC_ROOT_CLASS = YES_ERROR;
				CLANG_WARN_QUOTED_INCLUDE_IN_FRAMEWORK_HEADER = YES;
				CLANG_WARN_RANGE_LOOP_ANALYSIS = YES;
				CLANG_WARN_STRICT_PROTOTYPES = YES;
				CLANG_WARN_SUSPICIOUS_MOVE = YES;
				CLANG_WARN_UNGUARDED_AVAILABILITY = YES_AGGRESSIVE;
				CLANG_WARN_UNREACHABLE_CODE = YES;
				CLANG_WARN__DUPLICATE_METHOD_MATCH = YES;
				COPY_PHASE_STRIP = NO;
				DEBUG_INFORMATION_FORMAT = "dwarf-with-dsym";
				ENABLE_NS_ASSERTIONS = NO;
				ENABLE_STRICT_OBJC_MSGSEND = YES;
				ENABLE_USER_SCRIPT_SANDBOXING = YES;
				GCC_C_LANGUAGE_STANDARD = gnu17;
				GCC_NO_COMMON_BLOCKS = YES;
				GCC_WARN_64_TO_32_BIT_CONVERSION = YES;
				GCC_WARN_ABOUT_RETURN_TYPE = YES_ERROR;
				GCC_WARN_UNDECLARED_SELECTOR = YES;
				GCC_WARN_UNINITIALIZED_AUTOS = YES_AGGRESSIVE;
				GCC_WARN_UNUSED_FUNCTION = YES;
				GCC_WARN_UNUSED_VARIABLE = YES;
				LOCALIZATION_PREFERS_STRING_CATALOGS = YES;
				MTL_ENABLE_DEBUG_INFO = NO;
				MTL_FAST_MATH = YES;
				SWIFT_COMPILATION_MODE = wholemodule;
			};
			name = Release;
		};
		364ADEAF2CA4FEF900816DD6 /* Debug */ = {
			isa = XCBuildConfiguration;
			buildSettings = {
				ASSETCATALOG_COMPILER_APPICON_NAME = AppIcon;
				ASSETCATALOG_COMPILER_GLOBAL_ACCENT_COLOR_NAME = AccentColor;
				CODE_SIGN_ENTITLEMENTS = HierPickerExample/HierPickerExample.entitlements;
				CODE_SIGN_STYLE = Automatic;
				CURRENT_PROJECT_VERSION = 1;
				DEVELOPMENT_ASSET_PATHS = "\"HierPickerExample/Preview Content\"";
				DEVELOPMENT_TEAM = QU378YD9WW;
				ENABLE_HARDENED_RUNTIME = YES;
				ENABLE_PREVIEWS = YES;
				GENERATE_INFOPLIST_FILE = YES;
				"INFOPLIST_KEY_UIApplicationSceneManifest_Generation[sdk=iphoneos*]" = YES;
				"INFOPLIST_KEY_UIApplicationSceneManifest_Generation[sdk=iphonesimulator*]" = YES;
				"INFOPLIST_KEY_UIApplicationSupportsIndirectInputEvents[sdk=iphoneos*]" = YES;
				"INFOPLIST_KEY_UIApplicationSupportsIndirectInputEvents[sdk=iphonesimulator*]" = YES;
				"INFOPLIST_KEY_UILaunchScreen_Generation[sdk=iphoneos*]" = YES;
				"INFOPLIST_KEY_UILaunchScreen_Generation[sdk=iphonesimulator*]" = YES;
				"INFOPLIST_KEY_UIStatusBarStyle[sdk=iphoneos*]" = UIStatusBarStyleDefault;
				"INFOPLIST_KEY_UIStatusBarStyle[sdk=iphonesimulator*]" = UIStatusBarStyleDefault;
				INFOPLIST_KEY_UISupportedInterfaceOrientations_iPad = "UIInterfaceOrientationPortrait UIInterfaceOrientationPortraitUpsideDown UIInterfaceOrientationLandscapeLeft UIInterfaceOrientationLandscapeRight";
				INFOPLIST_KEY_UISupportedInterfaceOrientations_iPhone = "UIInterfaceOrientationPortrait UIInterfaceOrientationLandscapeLeft UIInterfaceOrientationLandscapeRight";
				IPHONEOS_DEPLOYMENT_TARGET = 18.1;
				LD_RUNPATH_SEARCH_PATHS = "@executable_path/Frameworks";
				"LD_RUNPATH_SEARCH_PATHS[sdk=macosx*]" = "@executable_path/../Frameworks";
				MACOSX_DEPLOYMENT_TARGET = 15.0;
				MARKETING_VERSION = 1.0;
				PRODUCT_BUNDLE_IDENTIFIER = com.smalldesksoftware.HierPickerExample;
				PRODUCT_NAME = "$(TARGET_NAME)";
				SDKROOT = auto;
				SUPPORTED_PLATFORMS = "iphoneos iphonesimulator macosx xros xrsimulator";
				SWIFT_EMIT_LOC_STRINGS = YES;
				SWIFT_VERSION = 5.0;
				TARGETED_DEVICE_FAMILY = "1,2,7";
				XROS_DEPLOYMENT_TARGET = 2.1;
			};
			name = Debug;
		};
		364ADEB02CA4FEF900816DD6 /* Release */ = {
			isa = XCBuildConfiguration;
			buildSettings = {
				ASSETCATALOG_COMPILER_APPICON_NAME = AppIcon;
				ASSETCATALOG_COMPILER_GLOBAL_ACCENT_COLOR_NAME = AccentColor;
				CODE_SIGN_ENTITLEMENTS = HierPickerExample/HierPickerExample.entitlements;
				CODE_SIGN_STYLE = Automatic;
				CURRENT_PROJECT_VERSION = 1;
				DEVELOPMENT_ASSET_PATHS = "\"HierPickerExample/Preview Content\"";
				DEVELOPMENT_TEAM = QU378YD9WW;
				ENABLE_HARDENED_RUNTIME = YES;
				ENABLE_PREVIEWS = YES;
				GENERATE_INFOPLIST_FILE = YES;
				"INFOPLIST_KEY_UIApplicationSceneManifest_Generation[sdk=iphoneos*]" = YES;
				"INFOPLIST_KEY_UIApplicationSceneManifest_Generation[sdk=iphonesimulator*]" = YES;
				"INFOPLIST_KEY_UIApplicationSupportsIndirectInputEvents[sdk=iphoneos*]" = YES;
				"INFOPLIST_KEY_UIApplicationSupportsIndirectInputEvents[sdk=iphonesimulator*]" = YES;
				"INFOPLIST_KEY_UILaunchScreen_Generation[sdk=iphoneos*]" = YES;
				"INFOPLIST_KEY_UILaunchScreen_Generation[sdk=iphonesimulator*]" = YES;
				"INFOPLIST_KEY_UIStatusBarStyle[sdk=iphoneos*]" = UIStatusBarStyleDefault;
				"INFOPLIST_KEY_UIStatusBarStyle[sdk=iphonesimulator*]" = UIStatusBarStyleDefault;
				INFOPLIST_KEY_UISupportedInterfaceOrientations_iPad = "UIInterfaceOrientationPortrait UIInterfaceOrientationPortraitUpsideDown UIInterfaceOrientationLandscapeLeft UIInterfaceOrientationLandscapeRight";
				INFOPLIST_KEY_UISupportedInterfaceOrientations_iPhone = "UIInterfaceOrientationPortrait UIInterfaceOrientationLandscapeLeft UIInterfaceOrientationLandscapeRight";
				IPHONEOS_DEPLOYMENT_TARGET = 18.1;
				LD_RUNPATH_SEARCH_PATHS = "@executable_path/Frameworks";
				"LD_RUNPATH_SEARCH_PATHS[sdk=macosx*]" = "@executable_path/../Frameworks";
				MACOSX_DEPLOYMENT_TARGET = 15.0;
				MARKETING_VERSION = 1.0;
				PRODUCT_BUNDLE_IDENTIFIER = com.smalldesksoftware.HierPickerExample;
				PRODUCT_NAME = "$(TARGET_NAME)";
				SDKROOT = auto;
				SUPPORTED_PLATFORMS = "iphoneos iphonesimulator macosx xros xrsimulator";
				SWIFT_EMIT_LOC_STRINGS = YES;
				SWIFT_VERSION = 5.0;
				TARGETED_DEVICE_FAMILY = "1,2,7";
				XROS_DEPLOYMENT_TARGET = 2.1;
			};
			name = Release;
		};
		364ADEB22CA4FEF900816DD6 /* Debug */ = {
			isa = XCBuildConfiguration;
			buildSettings = {
				BUNDLE_LOADER = "$(TEST_HOST)";
				CODE_SIGN_STYLE = Automatic;
				CURRENT_PROJECT_VERSION = 1;
				DEVELOPMENT_TEAM = QU378YD9WW;
				GENERATE_INFOPLIST_FILE = YES;
				IPHONEOS_DEPLOYMENT_TARGET = 18.1;
				MACOSX_DEPLOYMENT_TARGET = 15.0;
				MARKETING_VERSION = 1.0;
				PRODUCT_BUNDLE_IDENTIFIER = com.smalldesksoftware.HierPickerExampleTests;
				PRODUCT_NAME = "$(TARGET_NAME)";
				SDKROOT = auto;
				SUPPORTED_PLATFORMS = "iphoneos iphonesimulator macosx xros xrsimulator";
				SWIFT_EMIT_LOC_STRINGS = NO;
				SWIFT_VERSION = 5.0;
				TARGETED_DEVICE_FAMILY = "1,2,7";
				TEST_HOST = "$(BUILT_PRODUCTS_DIR)/HierPickerExample.app/$(BUNDLE_EXECUTABLE_FOLDER_PATH)/HierPickerExample";
				XROS_DEPLOYMENT_TARGET = 2.1;
			};
			name = Debug;
		};
		364ADEB32CA4FEF900816DD6 /* Release */ = {
			isa = XCBuildConfiguration;
			buildSettings = {
				BUNDLE_LOADER = "$(TEST_HOST)";
				CODE_SIGN_STYLE = Automatic;
				CURRENT_PROJECT_VERSION = 1;
				DEVELOPMENT_TEAM = QU378YD9WW;
				GENERATE_INFOPLIST_FILE = YES;
				IPHONEOS_DEPLOYMENT_TARGET = 18.1;
				MACOSX_DEPLOYMENT_TARGET = 15.0;
				MARKETING_VERSION = 1.0;
				PRODUCT_BUNDLE_IDENTIFIER = com.smalldesksoftware.HierPickerExampleTests;
				PRODUCT_NAME = "$(TARGET_NAME)";
				SDKROOT = auto;
				SUPPORTED_PLATFORMS = "iphoneos iphonesimulator macosx xros xrsimulator";
				SWIFT_EMIT_LOC_STRINGS = NO;
				SWIFT_VERSION = 5.0;
				TARGETED_DEVICE_FAMILY = "1,2,7";
				TEST_HOST = "$(BUILT_PRODUCTS_DIR)/HierPickerExample.app/$(BUNDLE_EXECUTABLE_FOLDER_PATH)/HierPickerExample";
				XROS_DEPLOYMENT_TARGET = 2.1;
			};
			name = Release;
		};
		364ADEB52CA4FEF900816DD6 /* Debug */ = {
			isa = XCBuildConfiguration;
			buildSettings = {
				CODE_SIGN_STYLE = Automatic;
				CURRENT_PROJECT_VERSION = 1;
				DEVELOPMENT_TEAM = QU378YD9WW;
				GENERATE_INFOPLIST_FILE = YES;
				IPHONEOS_DEPLOYMENT_TARGET = 18.1;
				MACOSX_DEPLOYMENT_TARGET = 15.0;
				MARKETING_VERSION = 1.0;
				PRODUCT_BUNDLE_IDENTIFIER = com.smalldesksoftware.HierPickerExampleUITests;
				PRODUCT_NAME = "$(TARGET_NAME)";
				SDKROOT = auto;
				SUPPORTED_PLATFORMS = "iphoneos iphonesimulator macosx xros xrsimulator";
				SWIFT_EMIT_LOC_STRINGS = NO;
				SWIFT_VERSION = 5.0;
				TARGETED_DEVICE_FAMILY = "1,2,7";
				TEST_TARGET_NAME = HierPickerExample;
				XROS_DEPLOYMENT_TARGET = 2.1;
			};
			name = Debug;
		};
		364ADEB62CA4FEF900816DD6 /* Release */ = {
			isa = XCBuildConfiguration;
			buildSettings = {
				CODE_SIGN_STYLE = Automatic;
				CURRENT_PROJECT_VERSION = 1;
				DEVELOPMENT_TEAM = QU378YD9WW;
				GENERATE_INFOPLIST_FILE = YES;
				IPHONEOS_DEPLOYMENT_TARGET = 18.1;
				MACOSX_DEPLOYMENT_TARGET = 15.0;
				MARKETING_VERSION = 1.0;
				PRODUCT_BUNDLE_IDENTIFIER = com.smalldesksoftware.HierPickerExampleUITests;
				PRODUCT_NAME = "$(TARGET_NAME)";
				SDKROOT = auto;
				SUPPORTED_PLATFORMS = "iphoneos iphonesimulator macosx xros xrsimulator";
				SWIFT_EMIT_LOC_STRINGS = NO;
				SWIFT_VERSION = 5.0;
				TARGETED_DEVICE_FAMILY = "1,2,7";
				TEST_TARGET_NAME = HierPickerExample;
				XROS_DEPLOYMENT_TARGET = 2.1;
			};
			name = Release;
		};
/* End XCBuildConfiguration section */

/* Begin XCConfigurationList section */
		364ADE842CA4FEF600816DD6 /* Build configuration list for PBXProject "HierPickerExample" */ = {
			isa = XCConfigurationList;
			buildConfigurations = (
				364ADEAC2CA4FEF900816DD6 /* Debug */,
				364ADEAD2CA4FEF900816DD6 /* Release */,
			);
			defaultConfigurationIsVisible = 0;
			defaultConfigurationName = Release;
		};
		364ADEAE2CA4FEF900816DD6 /* Build configuration list for PBXNativeTarget "HierPickerExample" */ = {
			isa = XCConfigurationList;
			buildConfigurations = (
				364ADEAF2CA4FEF900816DD6 /* Debug */,
				364ADEB02CA4FEF900816DD6 /* Release */,
			);
			defaultConfigurationIsVisible = 0;
			defaultConfigurationName = Release;
		};
		364ADEB12CA4FEF900816DD6 /* Build configuration list for PBXNativeTarget "HierPickerExampleTests" */ = {
			isa = XCConfigurationList;
			buildConfigurations = (
				364ADEB22CA4FEF900816DD6 /* Debug */,
				364ADEB32CA4FEF900816DD6 /* Release */,
			);
			defaultConfigurationIsVisible = 0;
			defaultConfigurationName = Release;
		};
		364ADEB42CA4FEF900816DD6 /* Build configuration list for PBXNativeTarget "HierPickerExampleUITests" */ = {
			isa = XCConfigurationList;
			buildConfigurations = (
				364ADEB52CA4FEF900816DD6 /* Debug */,
				364ADEB62CA4FEF900816DD6 /* Release */,
			);
			defaultConfigurationIsVisible = 0;
			defaultConfigurationName = Release;
		};
/* End XCConfigurationList section */

/* Begin XCLocalSwiftPackageReference section */
		364ADEB72CA4FF1500816DD6 /* XCLocalSwiftPackageReference "../../SDSCustomView" */ = {
			isa = XCLocalSwiftPackageReference;
			relativePath = ../../SDSCustomView;
		};
/* End XCLocalSwiftPackageReference section */

/* Begin XCSwiftPackageProductDependency section */
		364ADEB82CA4FF1500816DD6 /* SDSCustomView */ = {
			isa = XCSwiftPackageProductDependency;
			productName = SDSCustomView;
		};
/* End XCSwiftPackageProductDependency section */
	};
	rootObject = 364ADE812CA4FEF600816DD6 /* Project object */;
}
